
Microsoft Visual Studio Solution File, Format Version 12.00
# Visual Studio Version 16
VisualStudioVersion = 16.0.29215.179
MinimumVisualStudioVersion = 10.0.40219.1
Project("{FAE04EC0-301F-11D3-BF4B-00C04F79EFBC}") = "Stigma.Mundo", "Stigma Mundo\Stigma.Mundo.csproj", "{44CCEE1C-29EA-47BB-9C05-DBA6A4BE93EC}"
EndProject
Global
	GlobalSection(SolutionConfigurationPlatforms) = preSolution
		Debug|Any CPU = Debug|Any CPU
		Release|Any CPU = Release|Any CPU
	EndGlobalSection
	GlobalSection(ProjectConfigurationPlatforms) = postSolution
		{44CCEE1C-29EA-47BB-9C05-DBA6A4BE93EC}.Debug|Any CPU.ActiveCfg = Debug|Any CPU
		{44CCEE1C-29EA-47BB-9C05-DBA6A4BE93EC}.Debug|Any CPU.Build.0 = Debug|Any CPU
		{44CCEE1C-29EA-47BB-9C05-DBA6A4BE93EC}.Release|Any CPU.ActiveCfg = Release|Any CPU
		{44CCEE1C-29EA-47BB-9C05-DBA6A4BE93EC}.Release|Any CPU.Build.0 = Release|Any CPU
	EndGlobalSection
	GlobalSection(SolutionProperties) = preSolution
		HideSolutionNode = FALSE
	EndGlobalSection
	GlobalSection(ExtensibilityGlobals) = postSolution
		SolutionGuid = {C8AE7170-F5B8-4A44-88C3-2A6D6C5243DA}
	EndGlobalSection
EndGlobal
